#MicroXplorer Configuration settings - do not modify
Mcu.Family=STM32L4
RCC.MSI_VALUE=4000000
SH.GPXTI1.0=GPIO_EXTI1
ProjectManager.MainLocation=Core/Src
PE8.PinState=GPIO_PIN_SET
RCC.PLLQoutputFreq_Value=16000000
ProjectManager.ProjectFileName=STM32WiFi.ioc
PE8.GPIOParameters=GPIO_Speed,PinState,GPIO_PuPd,GPIO_Label,GPIO_ModeDefaultOutputPP
RCC.SAI1Freq_Value=4571428.571428572
SPI3.Direction=SPI_DIRECTION_2LINES
SPI3.VirtualType=VM_MASTER
ProjectManager.KeepUserCode=true
Mcu.UserName=STM32L475VGTx
Mcu.PinsNb=11
PB10.Mode=I2C
PC9.GPIO_Label=LED_BLUE
ProjectManager.NoMain=false
PC10.Signal=SPI3_SCK
PC11.Signal=SPI3_MISO
PC12.Signal=SPI3_MOSI
RCC.PLLSAI1RoutputFreq_Value=16000000
PE8.GPIO_PuPd=GPIO_PULLUP
ProjectManager.functionlistsort=1-MX_GPIO_Init-GPIO-false-HAL-true,2-SystemClock_Config-RCC-false-HAL-false,3-MX_SPI3_Init-SPI3-false-HAL-true,4-MX_I2C2_Init-I2C2-false-HAL-true
PC6.Signal=GPIO_Output
PC10.Mode=Full_Duplex_Master
PC6.GPIO_Label=TOF_RESET
PC9.Locked=true
ProjectManager.DefaultFWLocation=true
ProjectManager.DeletePrevious=true
PE1.GPIO_ModeDefaultEXTI=GPIO_MODE_IT_RISING
RCC.VCOSAI2OutputFreq_Value=32000000
PB11.Signal=I2C2_SDA
PinOutPanel.RotationAngle=0
RCC.FamilyName=M
ProjectManager.StackSize=0x400
Mcu.IP4=SYS
NVIC.SVCall_IRQn=true\:0\:0\:false\:false\:true\:false\:false
Mcu.IP2=RCC
Mcu.IP3=SPI3
Mcu.IP0=I2C2
NVIC.EXTI1_IRQn=true\:0\:0\:false\:false\:true\:true\:true
Mcu.IP1=NVIC
PE0.PinState=GPIO_PIN_SET
Mcu.UserConstants=
PB11.Mode=I2C
RCC.VCOSAI1OutputFreq_Value=32000000
ProjectManager.TargetToolchain=STM32CubeIDE
Mcu.ThirdPartyNb=0
PE8.GPIO_Label=WIFI_RESET
Mcu.IPNb=5
ProjectManager.PreviousToolchain=SW4STM32
PC6.Locked=true
Mcu.Pin6=PC11
RCC.SAI2Freq_Value=4571428.571428572
Mcu.Pin7=PC12
ProjectManager.RegisterCallBack=
PE0.Locked=true
Mcu.Pin8=PE0
Mcu.Pin9=PE1
PE1.Signal=GPXTI1
RCC.LSE_VALUE=32768
RCC.PLLSAI1PoutputFreq_Value=4571428.571428572
Mcu.Pin0=PE8
SPI3.DataSize=SPI_DATASIZE_8BIT
Mcu.Pin1=PB10
GPIO.groupedBy=Group By Peripherals
PB10.Signal=I2C2_SCL
Mcu.Pin2=PB11
Mcu.Pin3=PC6
Mcu.Pin4=PC9
Mcu.Pin5=PC10
RCC.PLLSAI2RoutputFreq_Value=16000000
ProjectManager.ProjectBuild=false
RCC.HSE_VALUE=8000000
NVIC.UsageFault_IRQn=true\:0\:0\:false\:false\:true\:false\:false
PC12.Mode=Full_Duplex_Master
NVIC.DebugMonitor_IRQn=true\:0\:0\:false\:false\:true\:false\:false
board=custom
RCC.VCOOutputFreq_Value=32000000
PE1.GPIO_Label=WIFI_INT
NVIC.SysTick_IRQn=true\:0\:0\:false\:false\:true\:false\:true
ProjectManager.LastFirmware=true
ProjectManager.FirmwarePackage=STM32Cube FW_L4 V1.17.0
MxDb.Version=DB.6.0.21
PE0.GPIOParameters=PinState,GPIO_Label
SPI3.CalculateBaudRate=2.0 MBits/s
ProjectManager.BackupPrevious=false
MxCube.Version=6.2.1
RCC.VCOInputFreq_Value=4000000
PE8.Signal=GPIO_Output
PE8.Locked=true
RCC.PLLSAI1QoutputFreq_Value=16000000
File.Version=6
VP_SYS_VS_Systick.Mode=SysTick
NVIC.NonMaskableInt_IRQn=true\:0\:0\:false\:false\:true\:false\:false
RCC.PLLRCLKFreq_Value=16000000
PE1.Locked=true
NVIC.PendSV_IRQn=true\:0\:0\:false\:false\:true\:false\:false
ProjectManager.FreePins=false
RCC.IPParameters=FamilyName,HSE_VALUE,HSI_VALUE,LSCOPinFreq_Value,LSE_VALUE,LSI_VALUE,MSI_VALUE,PLLPoutputFreq_Value,PLLQoutputFreq_Value,PLLRCLKFreq_Value,PLLSAI1PoutputFreq_Value,PLLSAI1QoutputFreq_Value,PLLSAI1RoutputFreq_Value,PLLSAI2PoutputFreq_Value,PLLSAI2RoutputFreq_Value,SAI1Freq_Value,SAI2Freq_Value,VCOInputFreq_Value,VCOOutputFreq_Value,VCOSAI1OutputFreq_Value,VCOSAI2OutputFreq_Value
PC9.GPIOParameters=GPIO_Label
ProjectManager.AskForMigrate=true
PE0.Signal=GPIO_Output
Mcu.Name=STM32L475V(C-E-G)Tx
ProjectManager.HalAssertFull=false
ProjectManager.ProjectName=STM32WiFi
ProjectManager.UnderRoot=true
ProjectManager.CoupleFile=false
Mcu.Package=LQFP100
NVIC.ForceEnableDMAVector=true
RCC.PLLSAI2PoutputFreq_Value=4571428.571428572
SPI3.Mode=SPI_MODE_MASTER
KeepUserPlacement=false
NVIC.MemoryManagement_IRQn=true\:0\:0\:false\:false\:true\:false\:false
ProjectManager.CompilerOptimize=6
ProjectManager.ToolChainLocation=
RCC.LSI_VALUE=32000
VP_SYS_VS_Systick.Signal=SYS_VS_Systick
RCC.LSCOPinFreq_Value=32000
ProjectManager.HeapSize=0x200
NVIC.HardFault_IRQn=true\:0\:0\:false\:false\:true\:false\:false
PC6.GPIOParameters=GPIO_Label
PC11.Mode=Full_Duplex_Master
PE0.GPIO_Label=WIFI_CS
ProjectManager.ComputerToolchain=false
RCC.HSI_VALUE=16000000
NVIC.PriorityGroup=NVIC_PRIORITYGROUP_4
PE8.GPIO_Speed=GPIO_SPEED_FREQ_HIGH
RCC.PLLPoutputFreq_Value=4571428.571428572
Mcu.Pin10=VP_SYS_VS_Systick
PE8.GPIO_ModeDefaultOutputPP=GPIO_MODE_OUTPUT_PP
NVIC.BusFault_IRQn=true\:0\:0\:false\:false\:true\:false\:false
SPI3.IPParameters=VirtualType,Mode,Direction,CalculateBaudRate,DataSize
PC9.Signal=GPIO_Output
SH.GPXTI1.ConfNb=1
ProjectManager.CustomerFirmwarePackage=
ProjectManager.DeviceId=STM32L475VGTx
ProjectManager.LibraryCopy=1
PE1.GPIOParameters=GPIO_Label,GPIO_ModeDefaultEXTI
isbadioc=true
